
Microsoft Visual Studio Solution File, Format Version 12.00
# Visual Studio Version 17
VisualStudioVersion = 17.11.35219.272
MinimumVisualStudioVersion = 10.0.40219.1
Project("{888888A0-9F3D-457C-B088-3A5042F75D52}") = "Store-Management-System", "Store-Management-System.pyproj", "{1E149FA2-4869-43F6-B2A4-59F72086F725}"
EndProject
Global
	GlobalSection(SolutionConfigurationPlatforms) = preSolution
		Debug|Any CPU = Debug|Any CPU
		Release|Any CPU = Release|Any CPU
	EndGlobalSection
	GlobalSection(ProjectConfigurationPlatforms) = postSolution
		{1E149FA2-4869-43F6-B2A4-59F72086F725}.Debug|Any CPU.ActiveCfg = Debug|Any CPU
		{1E149FA2-4869-43F6-B2A4-59F72086F725}.Release|Any CPU.ActiveCfg = Release|Any CPU
	EndGlobalSection
	GlobalSection(SolutionProperties) = preSolution
		HideSolutionNode = FALSE
	EndGlobalSection
	GlobalSection(ExtensibilityGlobals) = postSolution
		SolutionGuid = {16793E3F-8FD8-4C97-AF24-B5ABA512EC76}
	EndGlobalSection
EndGlobal
